
Microsoft Visual Studio Solution File, Format Version 12.00
# Visual Studio Version 17
VisualStudioVersion = 17.6.33723.286
MinimumVisualStudioVersion = 10.0.40219.1
Project("{FAE04EC0-301F-11D3-BF4B-00C04F79EFBC}") = "RazorPagesMovie", "RazorPagesMovie.csproj", "{715A4CC7-7365-4E68-BC69-E8B414384139}"
EndProject
Global
	GlobalSection(SolutionConfigurationPlatforms) = preSolution
		Debug|Any CPU = Debug|Any CPU
		Release|Any CPU = Release|Any CPU
	EndGlobalSection
	GlobalSection(ProjectConfigurationPlatforms) = postSolution
		{715A4CC7-7365-4E68-BC69-E8B414384139}.Debug|Any CPU.ActiveCfg = Debug|Any CPU
		{715A4CC7-7365-4E68-BC69-E8B414384139}.Debug|Any CPU.Build.0 = Debug|Any CPU
		{715A4CC7-7365-4E68-BC69-E8B414384139}.Release|Any CPU.ActiveCfg = Release|Any CPU
		{715A4CC7-7365-4E68-BC69-E8B414384139}.Release|Any CPU.Build.0 = Release|Any CPU
	EndGlobalSection
	GlobalSection(SolutionProperties) = preSolution
		HideSolutionNode = FALSE
	EndGlobalSection
	GlobalSection(ExtensibilityGlobals) = postSolution
		SolutionGuid = {24A44D46-80D2-496A-9771-123D86082476}
	EndGlobalSection
EndGlobal
